// !$*UTF8*$!
{
	archiveVersion = 1;
	classes = {
	};
	objectVersion = 50;
	objects = {

/* Begin PBXBuildFile section */
		150845F4226EBF2400428514 /* AppDelegate.m in Sources */ = {isa = PBXBuildFile; fileRef = 150845F3226EBF2400428514 /* AppDelegate.m */; };
		150845F7226EBF2400428514 /* ViewController.m in Sources */ = {isa = PBXBuildFile; fileRef = 150845F6226EBF2400428514 /* ViewController.m */; };
		150845FA226EBF2400428514 /* Main.storyboard in Resources */ = {isa = PBXBuildFile; fileRef = 150845F8226EBF2400428514 /* Main.storyboard */; };
		150845FC226EBF2900428514 /* Assets.xcassets in Resources */ = {isa = PBXBuildFile; fileRef = 150845FB226EBF2900428514 /* Assets.xcassets */; };
		150845FF226EBF2900428514 /* LaunchScreen.storyboard in Resources */ = {isa = PBXBuildFile; fileRef = 150845FD226EBF2900428514 /* LaunchScreen.storyboard */; };
		15084602226EBF2900428514 /* main.m in Sources */ = {isa = PBXBuildFile; fileRef = 15084601226EBF2900428514 /* main.m */; };
		1508460D226EC9A400428514 /* RegisterDomainViewController.m in Sources */ = {isa = PBXBuildFile; fileRef = 1508460B226EC9A400428514 /* RegisterDomainViewController.m */; };
		1508460E226EC9A400428514 /* RegisterDomainViewController.xib in Resources */ = {isa = PBXBuildFile; fileRef = 1508460C226EC9A400428514 /* RegisterDomainViewController.xib */; };
		15084613226EC9B800428514 /* MoreViewController.m in Sources */ = {isa = PBXBuildFile; fileRef = 15084611226EC9B800428514 /* MoreViewController.m */; };
		15084614226EC9B800428514 /* MoreViewController.xib in Resources */ = {isa = PBXBuildFile; fileRef = 15084612226EC9B800428514 /* MoreViewController.xib */; };
		1517FB552274465B0044E878 /* menu_bonus@2x.png in Resources */ = {isa = PBXBuildFile; fileRef = 1517FB43227446480044E878 /* menu_bonus@2x.png */; };
		1517FB562274465B0044E878 /* menu_bonus.png in Resources */ = {isa = PBXBuildFile; fileRef = 1517FB44227446490044E878 /* menu_bonus.png */; };
		1517FB572274465B0044E878 /* menu_recharge@2x.png in Resources */ = {isa = PBXBuildFile; fileRef = 1517FB452274464A0044E878 /* menu_recharge@2x.png */; };
		1517FB582274465B0044E878 /* menu_domain@2x.png in Resources */ = {isa = PBXBuildFile; fileRef = 1517FB462274464B0044E878 /* menu_domain@2x.png */; };
		1517FB592274465B0044E878 /* menu_reorder_domain.png in Resources */ = {isa = PBXBuildFile; fileRef = 1517FB472274464B0044E878 /* menu_reorder_domain.png */; };
		1517FB5A2274465B0044E878 /* menu_profile.png in Resources */ = {isa = PBXBuildFile; fileRef = 1517FB482274464E0044E878 /* menu_profile.png */; };
		1517FB5B2274465B0044E878 /* menu_domain.png in Resources */ = {isa = PBXBuildFile; fileRef = 1517FB492274464F0044E878 /* menu_domain.png */; };
		1517FB5C2274465B0044E878 /* menu_search_domain.png in Resources */ = {isa = PBXBuildFile; fileRef = 1517FB4A227446500044E878 /* menu_search_domain.png */; };
		1517FB5D2274465B0044E878 /* menu_profile@2x.png in Resources */ = {isa = PBXBuildFile; fileRef = 1517FB4B227446500044E878 /* menu_profile@2x.png */; };
		1517FB5E2274465B0044E878 /* menu_support@2x.png in Resources */ = {isa = PBXBuildFile; fileRef = 1517FB4C227446510044E878 /* menu_support@2x.png */; };
		1517FB5F2274465B0044E878 /* menu_support.png in Resources */ = {isa = PBXBuildFile; fileRef = 1517FB4D227446520044E878 /* menu_support.png */; };
		1517FB602274465B0044E878 /* menu_recharge.png in Resources */ = {isa = PBXBuildFile; fileRef = 1517FB4E227446530044E878 /* menu_recharge.png */; };
		1517FB612274465B0044E878 /* menu_withdrawal@2x.png in Resources */ = {isa = PBXBuildFile; fileRef = 1517FB4F227446540044E878 /* menu_withdrawal@2x.png */; };
		1517FB622274465B0044E878 /* menu_withdrawal.png in Resources */ = {isa = PBXBuildFile; fileRef = 1517FB50227446540044E878 /* menu_withdrawal.png */; };
		1517FB632274465B0044E878 /* menu_search_domain@2x.png in Resources */ = {isa = PBXBuildFile; fileRef = 1517FB51227446550044E878 /* menu_search_domain@2x.png */; };
		1517FB642274465B0044E878 /* menu_list_domain.png in Resources */ = {isa = PBXBuildFile; fileRef = 1517FB52227446560044E878 /* menu_list_domain.png */; };
		1517FB652274465B0044E878 /* menu_list_domain@2x.png in Resources */ = {isa = PBXBuildFile; fileRef = 1517FB53227446590044E878 /* menu_list_domain@2x.png */; };
		1517FB662274465B0044E878 /* menu_reorder_domain@2x.png in Resources */ = {isa = PBXBuildFile; fileRef = 1517FB542274465A0044E878 /* menu_reorder_domain@2x.png */; };
		1517FB6B227446980044E878 /* HomeViewController.m in Sources */ = {isa = PBXBuildFile; fileRef = 1517FB69227446980044E878 /* HomeViewController.m */; };
		1517FB6C227446980044E878 /* HomeViewController.xib in Resources */ = {isa = PBXBuildFile; fileRef = 1517FB6A227446980044E878 /* HomeViewController.xib */; };
		1517FB7122744D8B0044E878 /* BOViewController.m in Sources */ = {isa = PBXBuildFile; fileRef = 1517FB6F22744D8B0044E878 /* BOViewController.m */; };
		1517FB7222744D8B0044E878 /* BOViewController.xib in Resources */ = {isa = PBXBuildFile; fileRef = 1517FB7022744D8B0044E878 /* BOViewController.xib */; };
		1517FB7722744EE40044E878 /* TransHistoryViewController.m in Sources */ = {isa = PBXBuildFile; fileRef = 1517FB7522744EE40044E878 /* TransHistoryViewController.m */; };
		1517FB7822744EE40044E878 /* TransHistoryViewController.xib in Resources */ = {isa = PBXBuildFile; fileRef = 1517FB7622744EE40044E878 /* TransHistoryViewController.xib */; };
		1517FB7D227450710044E878 /* AccountViewController.m in Sources */ = {isa = PBXBuildFile; fileRef = 1517FB7B227450710044E878 /* AccountViewController.m */; };
		1517FB7E227450710044E878 /* AccountViewController.xib in Resources */ = {isa = PBXBuildFile; fileRef = 1517FB7C227450710044E878 /* AccountViewController.xib */; };
		1517FB9722745D810044E878 /* tabbar_history_act.png in Resources */ = {isa = PBXBuildFile; fileRef = 1517FB7F22745D720044E878 /* tabbar_history_act.png */; };
		1517FB9822745D810044E878 /* tabbar_history_def@2x.png in Resources */ = {isa = PBXBuildFile; fileRef = 1517FB8022745D730044E878 /* tabbar_history_def@2x.png */; };
		1517FB9922745D810044E878 /* tabbar_home_act@2x.png in Resources */ = {isa = PBXBuildFile; fileRef = 1517FB8122745D730044E878 /* tabbar_home_act@2x.png */; };
		1517FB9B22745D810044E878 /* tabbar_history_act@2x.png in Resources */ = {isa = PBXBuildFile; fileRef = 1517FB8322745D740044E878 /* tabbar_history_act@2x.png */; };
		1517FB9C22745D810044E878 /* tabbar_history_def@3x.png in Resources */ = {isa = PBXBuildFile; fileRef = 1517FB8422745D740044E878 /* tabbar_history_def@3x.png */; };
		1517FB9D22745D810044E878 /* tabbar_home_def.png in Resources */ = {isa = PBXBuildFile; fileRef = 1517FB8522745D750044E878 /* tabbar_home_def.png */; };
		1517FB9E22745D810044E878 /* tabbar_BO_def@2x.png in Resources */ = {isa = PBXBuildFile; fileRef = 1517FB8622745D750044E878 /* tabbar_BO_def@2x.png */; };
		1517FB9F22745D810044E878 /* tababr_acc_act@3x.png in Resources */ = {isa = PBXBuildFile; fileRef = 1517FB8722745D760044E878 /* tababr_acc_act@3x.png */; };
		1517FBA022745D810044E878 /* tabbar_BO_act.png in Resources */ = {isa = PBXBuildFile; fileRef = 1517FB8822745D760044E878 /* tabbar_BO_act.png */; };
		1517FBA122745D810044E878 /* tabbar_BO_def.png in Resources */ = {isa = PBXBuildFile; fileRef = 1517FB8922745D770044E878 /* tabbar_BO_def.png */; };
		1517FBA422745D810044E878 /* tababr_acc_act@2x.png in Resources */ = {isa = PBXBuildFile; fileRef = 1517FB8C22745D780044E878 /* tababr_acc_act@2x.png */; };
		1517FBA522745D810044E878 /* tababr_acc_act.png in Resources */ = {isa = PBXBuildFile; fileRef = 1517FB8D22745D790044E878 /* tababr_acc_act.png */; };
		1517FBA622745D810044E878 /* tabbar_BO_def@3x.png in Resources */ = {isa = PBXBuildFile; fileRef = 1517FB8E22745D790044E878 /* tabbar_BO_def@3x.png */; };
		1517FBA722745D810044E878 /* tabbar_home_act@3x.png in Resources */ = {isa = PBXBuildFile; fileRef = 1517FB8F22745D7A0044E878 /* tabbar_home_act@3x.png */; };
		1517FBA822745D810044E878 /* tabbar_home_def@2x.png in Resources */ = {isa = PBXBuildFile; fileRef = 1517FB9022745D7A0044E878 /* tabbar_home_def@2x.png */; };
		1517FBA922745D810044E878 /* tabbar_history_def.png in Resources */ = {isa = PBXBuildFile; fileRef = 1517FB9122745D7B0044E878 /* tabbar_history_def.png */; };
		1517FBAA22745D810044E878 /* tabbar_home_def@3x.png in Resources */ = {isa = PBXBuildFile; fileRef = 1517FB9222745D7B0044E878 /* tabbar_home_def@3x.png */; };
		1517FBAB22745D810044E878 /* tabbar_BO_act@2x.png in Resources */ = {isa = PBXBuildFile; fileRef = 1517FB9322745D7C0044E878 /* tabbar_BO_act@2x.png */; };
		1517FBAC22745D810044E878 /* tabbar_BO_act@3x.png in Resources */ = {isa = PBXBuildFile; fileRef = 1517FB9422745D7D0044E878 /* tabbar_BO_act@3x.png */; };
		1517FBAD22745D810044E878 /* tabbar_history_act@3x.png in Resources */ = {isa = PBXBuildFile; fileRef = 1517FB9522745D7E0044E878 /* tabbar_history_act@3x.png */; };
		1517FBAE22745D810044E878 /* tabbar_home_act.png in Resources */ = {isa = PBXBuildFile; fileRef = 1517FB9622745D7F0044E878 /* tabbar_home_act.png */; };
		1517FBB722745D9B0044E878 /* notify@2x.png in Resources */ = {isa = PBXBuildFile; fileRef = 1517FBAF22745D960044E878 /* notify@2x.png */; };
		1517FBB822745D9B0044E878 /* search.png in Resources */ = {isa = PBXBuildFile; fileRef = 1517FBB022745D970044E878 /* search.png */; };
		1517FBB922745D9B0044E878 /* search@2x.png in Resources */ = {isa = PBXBuildFile; fileRef = 1517FBB122745D970044E878 /* search@2x.png */; };
		1517FBBA22745D9B0044E878 /* wallet.png in Resources */ = {isa = PBXBuildFile; fileRef = 1517FBB222745D980044E878 /* wallet.png */; };
		1517FBBB22745D9B0044E878 /* notify.png in Resources */ = {isa = PBXBuildFile; fileRef = 1517FBB322745D980044E878 /* notify.png */; };
		1517FBBC22745D9B0044E878 /* wallet@2x.png in Resources */ = {isa = PBXBuildFile; fileRef = 1517FBB422745D990044E878 /* wallet@2x.png */; };
		1517FBBD22745D9B0044E878 /* caseback.png in Resources */ = {isa = PBXBuildFile; fileRef = 1517FBB522745D990044E878 /* caseback.png */; };
		1517FBBE22745D9B0044E878 /* caseback@2x.png in Resources */ = {isa = PBXBuildFile; fileRef = 1517FBB622745D9A0044E878 /* caseback@2x.png */; };
		15224F0B2272EDDF00A45C3B /* AppUtils.m in Sources */ = {isa = PBXBuildFile; fileRef = 15224F0A2272EDDF00A45C3B /* AppUtils.m */; };
		156B8C18226ECB060020EDCB /* RegisteredDomainViewController.m in Sources */ = {isa = PBXBuildFile; fileRef = 156B8C16226ECB060020EDCB /* RegisteredDomainViewController.m */; };
		156B8C19226ECB060020EDCB /* RegisteredDomainViewController.xib in Resources */ = {isa = PBXBuildFile; fileRef = 156B8C17226ECB060020EDCB /* RegisteredDomainViewController.xib */; };
		15A613B122744C56000F6779 /* AppTabbarViewController.m in Sources */ = {isa = PBXBuildFile; fileRef = 15A613B022744C56000F6779 /* AppTabbarViewController.m */; };
		15E084C522715E830010429B /* LaunchViewController.m in Sources */ = {isa = PBXBuildFile; fileRef = 15E084C322715E830010429B /* LaunchViewController.m */; };
		15E084C622715E830010429B /* LaunchViewController.xib in Resources */ = {isa = PBXBuildFile; fileRef = 15E084C422715E830010429B /* LaunchViewController.xib */; };
		15E92AD22272A2F3004AB658 /* app-icon.png in Resources */ = {isa = PBXBuildFile; fileRef = 15E92ACD2272A2F1004AB658 /* app-icon.png */; };
		15E92AD32272A2F3004AB658 /* graphic.png in Resources */ = {isa = PBXBuildFile; fileRef = 15E92ACE2272A2F1004AB658 /* graphic.png */; };
		15E92AD42272A2F3004AB658 /* logo.png in Resources */ = {isa = PBXBuildFile; fileRef = 15E92ACF2272A2F2004AB658 /* logo.png */; };
		15E92AD52272A2F3004AB658 /* show_pass_act.png in Resources */ = {isa = PBXBuildFile; fileRef = 15E92AD02272A2F2004AB658 /* show_pass_act.png */; };
		15E92AD62272A2F3004AB658 /* show_pass_def.png in Resources */ = {isa = PBXBuildFile; fileRef = 15E92AD12272A2F2004AB658 /* show_pass_def.png */; };
		15E92AFC2272BB88004AB658 /* SignInViewController.m in Sources */ = {isa = PBXBuildFile; fileRef = 15E92AFA2272BB88004AB658 /* SignInViewController.m */; };
		15E92AFD2272BB88004AB658 /* SignInViewController.xib in Resources */ = {isa = PBXBuildFile; fileRef = 15E92AFB2272BB88004AB658 /* SignInViewController.xib */; };
		15E92AFF2272BC31004AB658 /* UIKit.framework in Frameworks */ = {isa = PBXBuildFile; fileRef = 15E92AFE2272BC31004AB658 /* UIKit.framework */; };
		6840265F8DF1824BB4EADF04 /* libPods-NhanHoa.a in Frameworks */ = {isa = PBXBuildFile; fileRef = 666BB35E5654754FE0011A2D /* libPods-NhanHoa.a */; };
		841F00852274A97D00F1B314 /* banner.jpg in Resources */ = {isa = PBXBuildFile; fileRef = 841F00842274A97D00F1B314 /* banner.jpg */; };
		841F008A2274B0A100F1B314 /* HomeMenuCell.m in Sources */ = {isa = PBXBuildFile; fileRef = 841F00882274B0A100F1B314 /* HomeMenuCell.m */; };
		841F008B2274B0A100F1B314 /* HomeMenuCell.xib in Resources */ = {isa = PBXBuildFile; fileRef = 841F00892274B0A100F1B314 /* HomeMenuCell.xib */; };
		841F008F2274B2E000F1B314 /* HomeMenuObject.m in Sources */ = {isa = PBXBuildFile; fileRef = 841F008E2274B2E000F1B314 /* HomeMenuObject.m */; };
		842F81AE227561ED00D6DE6D /* Roboto-MediumItalic.ttf in Resources */ = {isa = PBXBuildFile; fileRef = 842F81A2227561EC00D6DE6D /* Roboto-MediumItalic.ttf */; };
		842F81AF227561ED00D6DE6D /* Roboto-ThinItalic.ttf in Resources */ = {isa = PBXBuildFile; fileRef = 842F81A3227561EC00D6DE6D /* Roboto-ThinItalic.ttf */; };
		842F81B0227561ED00D6DE6D /* Roboto-Thin.ttf in Resources */ = {isa = PBXBuildFile; fileRef = 842F81A4227561EC00D6DE6D /* Roboto-Thin.ttf */; };
		842F81B1227561ED00D6DE6D /* Roboto-BoldItalic.ttf in Resources */ = {isa = PBXBuildFile; fileRef = 842F81A5227561EC00D6DE6D /* Roboto-BoldItalic.ttf */; };
		842F81B2227561ED00D6DE6D /* Roboto-Light.ttf in Resources */ = {isa = PBXBuildFile; fileRef = 842F81A6227561EC00D6DE6D /* Roboto-Light.ttf */; };
		842F81B3227561ED00D6DE6D /* Roboto-Black.ttf in Resources */ = {isa = PBXBuildFile; fileRef = 842F81A7227561EC00D6DE6D /* Roboto-Black.ttf */; };
		842F81B4227561ED00D6DE6D /* Roboto-BlackItalic.ttf in Resources */ = {isa = PBXBuildFile; fileRef = 842F81A8227561EC00D6DE6D /* Roboto-BlackItalic.ttf */; };
		842F81B5227561ED00D6DE6D /* Roboto-LightItalic.ttf in Resources */ = {isa = PBXBuildFile; fileRef = 842F81A9227561EC00D6DE6D /* Roboto-LightItalic.ttf */; };
		842F81B6227561ED00D6DE6D /* Roboto-Bold.ttf in Resources */ = {isa = PBXBuildFile; fileRef = 842F81AA227561EC00D6DE6D /* Roboto-Bold.ttf */; };
		842F81B7227561ED00D6DE6D /* Roboto-Medium.ttf in Resources */ = {isa = PBXBuildFile; fileRef = 842F81AB227561EC00D6DE6D /* Roboto-Medium.ttf */; };
		842F81B8227561ED00D6DE6D /* Roboto-Italic.ttf in Resources */ = {isa = PBXBuildFile; fileRef = 842F81AC227561EC00D6DE6D /* Roboto-Italic.ttf */; };
		842F81B9227561ED00D6DE6D /* Roboto-Regular.ttf in Resources */ = {isa = PBXBuildFile; fileRef = 842F81AD227561ED00D6DE6D /* Roboto-Regular.ttf */; };
		842F81BF2275794C00D6DE6D /* tabbar_acc_def@2x.png in Resources */ = {isa = PBXBuildFile; fileRef = 842F81BC2275794C00D6DE6D /* tabbar_acc_def@2x.png */; };
		842F81C02275794C00D6DE6D /* tabbar_acc_def@3x.png in Resources */ = {isa = PBXBuildFile; fileRef = 842F81BD2275794C00D6DE6D /* tabbar_acc_def@3x.png */; };
		842F81C12275794C00D6DE6D /* tabbar_acc_def.png in Resources */ = {isa = PBXBuildFile; fileRef = 842F81BE2275794C00D6DE6D /* tabbar_acc_def.png */; };
		842F81C5227581A300D6DE6D /* ic_search_domain.png in Resources */ = {isa = PBXBuildFile; fileRef = 842F81C3227581A200D6DE6D /* ic_search_domain.png */; };
		842F81C6227581A300D6DE6D /* ic_search_domain@2x.png in Resources */ = {isa = PBXBuildFile; fileRef = 842F81C4227581A200D6DE6D /* ic_search_domain@2x.png */; };
		842F81CA2275BD4600D6DE6D /* CustomTextAttachment.m in Sources */ = {isa = PBXBuildFile; fileRef = 842F81C92275BD4600D6DE6D /* CustomTextAttachment.m */; };
		842F81CD2275BEF300D6DE6D /* info_red@2x.png in Resources */ = {isa = PBXBuildFile; fileRef = 842F81CB2275BEF300D6DE6D /* info_red@2x.png */; };
		842F81CE2275BEF300D6DE6D /* info_red.png in Resources */ = {isa = PBXBuildFile; fileRef = 842F81CC2275BEF300D6DE6D /* info_red.png */; };
		846A41932275C759003C5D87 /* search_multi_domain.png in Resources */ = {isa = PBXBuildFile; fileRef = 846A41912275C758003C5D87 /* search_multi_domain.png */; };
		846A41942275C759003C5D87 /* search_multi_domain@2x.png in Resources */ = {isa = PBXBuildFile; fileRef = 846A41922275C759003C5D87 /* search_multi_domain@2x.png */; };
/* End PBXBuildFile section */

/* Begin PBXFileReference section */
		150845EF226EBF2400428514 /* NhanHoa.app */ = {isa = PBXFileReference; explicitFileType = wrapper.application; includeInIndex = 0; path = NhanHoa.app; sourceTree = BUILT_PRODUCTS_DIR; };
		150845F2226EBF2400428514 /* AppDelegate.h */ = {isa = PBXFileReference; lastKnownFileType = sourcecode.c.h; path = AppDelegate.h; sourceTree = "<group>"; };
		150845F3226EBF2400428514 /* AppDelegate.m */ = {isa = PBXFileReference; lastKnownFileType = sourcecode.c.objc; path = AppDelegate.m; sourceTree = "<group>"; };
		150845F5226EBF2400428514 /* ViewController.h */ = {isa = PBXFileReference; lastKnownFileType = sourcecode.c.h; path = ViewController.h; sourceTree = "<group>"; };
		150845F6226EBF2400428514 /* ViewController.m */ = {isa = PBXFileReference; lastKnownFileType = sourcecode.c.objc; path = ViewController.m; sourceTree = "<group>"; };
		150845F9226EBF2400428514 /* Base */ = {isa = PBXFileReference; lastKnownFileType = file.storyboard; name = Base; path = Base.lproj/Main.storyboard; sourceTree = "<group>"; };
		150845FB226EBF2900428514 /* Assets.xcassets */ = {isa = PBXFileReference; lastKnownFileType = folder.assetcatalog; path = Assets.xcassets; sourceTree = "<group>"; };
		150845FE226EBF2900428514 /* Base */ = {isa = PBXFileReference; lastKnownFileType = file.storyboard; name = Base; path = Base.lproj/LaunchScreen.storyboard; sourceTree = "<group>"; };
		15084600226EBF2900428514 /* Info.plist */ = {isa = PBXFileReference; lastKnownFileType = text.plist.xml; path = Info.plist; sourceTree = "<group>"; };
		15084601226EBF2900428514 /* main.m */ = {isa = PBXFileReference; lastKnownFileType = sourcecode.c.objc; path = main.m; sourceTree = "<group>"; };
		1508460A226EC9A400428514 /* RegisterDomainViewController.h */ = {isa = PBXFileReference; lastKnownFileType = sourcecode.c.h; path = RegisterDomainViewController.h; sourceTree = "<group>"; };
		1508460B226EC9A400428514 /* RegisterDomainViewController.m */ = {isa = PBXFileReference; lastKnownFileType = sourcecode.c.objc; path = RegisterDomainViewController.m; sourceTree = "<group>"; };
		1508460C226EC9A400428514 /* RegisterDomainViewController.xib */ = {isa = PBXFileReference; lastKnownFileType = file.xib; path = RegisterDomainViewController.xib; sourceTree = "<group>"; };
		15084610226EC9B800428514 /* MoreViewController.h */ = {isa = PBXFileReference; lastKnownFileType = sourcecode.c.h; path = MoreViewController.h; sourceTree = "<group>"; };
		15084611226EC9B800428514 /* MoreViewController.m */ = {isa = PBXFileReference; lastKnownFileType = sourcecode.c.objc; path = MoreViewController.m; sourceTree = "<group>"; };
		15084612226EC9B800428514 /* MoreViewController.xib */ = {isa = PBXFileReference; lastKnownFileType = file.xib; path = MoreViewController.xib; sourceTree = "<group>"; };
		1517FB43227446480044E878 /* menu_bonus@2x.png */ = {isa = PBXFileReference; lastKnownFileType = image.png; path = "menu_bonus@2x.png"; sourceTree = "<group>"; };
		1517FB44227446490044E878 /* menu_bonus.png */ = {isa = PBXFileReference; lastKnownFileType = image.png; path = menu_bonus.png; sourceTree = "<group>"; };
		1517FB452274464A0044E878 /* menu_recharge@2x.png */ = {isa = PBXFileReference; lastKnownFileType = image.png; path = "menu_recharge@2x.png"; sourceTree = "<group>"; };
		1517FB462274464B0044E878 /* menu_domain@2x.png */ = {isa = PBXFileReference; lastKnownFileType = image.png; path = "menu_domain@2x.png"; sourceTree = "<group>"; };
		1517FB472274464B0044E878 /* menu_reorder_domain.png */ = {isa = PBXFileReference; lastKnownFileType = image.png; path = menu_reorder_domain.png; sourceTree = "<group>"; };
		1517FB482274464E0044E878 /* menu_profile.png */ = {isa = PBXFileReference; lastKnownFileType = image.png; path = menu_profile.png; sourceTree = "<group>"; };
		1517FB492274464F0044E878 /* menu_domain.png */ = {isa = PBXFileReference; lastKnownFileType = image.png; path = menu_domain.png; sourceTree = "<group>"; };
		1517FB4A227446500044E878 /* menu_search_domain.png */ = {isa = PBXFileReference; lastKnownFileType = image.png; path = menu_search_domain.png; sourceTree = "<group>"; };
		1517FB4B227446500044E878 /* menu_profile@2x.png */ = {isa = PBXFileReference; lastKnownFileType = image.png; path = "menu_profile@2x.png"; sourceTree = "<group>"; };
		1517FB4C227446510044E878 /* menu_support@2x.png */ = {isa = PBXFileReference; lastKnownFileType = image.png; path = "menu_support@2x.png"; sourceTree = "<group>"; };
		1517FB4D227446520044E878 /* menu_support.png */ = {isa = PBXFileReference; lastKnownFileType = image.png; path = menu_support.png; sourceTree = "<group>"; };
		1517FB4E227446530044E878 /* menu_recharge.png */ = {isa = PBXFileReference; lastKnownFileType = image.png; path = menu_recharge.png; sourceTree = "<group>"; };
		1517FB4F227446540044E878 /* menu_withdrawal@2x.png */ = {isa = PBXFileReference; lastKnownFileType = image.png; path = "menu_withdrawal@2x.png"; sourceTree = "<group>"; };
		1517FB50227446540044E878 /* menu_withdrawal.png */ = {isa = PBXFileReference; lastKnownFileType = image.png; path = menu_withdrawal.png; sourceTree = "<group>"; };
		1517FB51227446550044E878 /* menu_search_domain@2x.png */ = {isa = PBXFileReference; lastKnownFileType = image.png; path = "menu_search_domain@2x.png"; sourceTree = "<group>"; };
		1517FB52227446560044E878 /* menu_list_domain.png */ = {isa = PBXFileReference; lastKnownFileType = image.png; path = menu_list_domain.png; sourceTree = "<group>"; };
		1517FB53227446590044E878 /* menu_list_domain@2x.png */ = {isa = PBXFileReference; lastKnownFileType = image.png; path = "menu_list_domain@2x.png"; sourceTree = "<group>"; };
		1517FB542274465A0044E878 /* menu_reorder_domain@2x.png */ = {isa = PBXFileReference; lastKnownFileType = image.png; path = "menu_reorder_domain@2x.png"; sourceTree = "<group>"; };
		1517FB68227446980044E878 /* HomeViewController.h */ = {isa = PBXFileReference; lastKnownFileType = sourcecode.c.h; path = HomeViewController.h; sourceTree = "<group>"; };
		1517FB69227446980044E878 /* HomeViewController.m */ = {isa = PBXFileReference; lastKnownFileType = sourcecode.c.objc; path = HomeViewController.m; sourceTree = "<group>"; };
		1517FB6A227446980044E878 /* HomeViewController.xib */ = {isa = PBXFileReference; lastKnownFileType = file.xib; path = HomeViewController.xib; sourceTree = "<group>"; };
		1517FB6E22744D8B0044E878 /* BOViewController.h */ = {isa = PBXFileReference; lastKnownFileType = sourcecode.c.h; path = BOViewController.h; sourceTree = "<group>"; };
		1517FB6F22744D8B0044E878 /* BOViewController.m */ = {isa = PBXFileReference; lastKnownFileType = sourcecode.c.objc; path = BOViewController.m; sourceTree = "<group>"; };
		1517FB7022744D8B0044E878 /* BOViewController.xib */ = {isa = PBXFileReference; lastKnownFileType = file.xib; path = BOViewController.xib; sourceTree = "<group>"; };
		1517FB7422744EE40044E878 /* TransHistoryViewController.h */ = {isa = PBXFileReference; lastKnownFileType = sourcecode.c.h; path = TransHistoryViewController.h; sourceTree = "<group>"; };
		1517FB7522744EE40044E878 /* TransHistoryViewController.m */ = {isa = PBXFileReference; lastKnownFileType = sourcecode.c.objc; path = TransHistoryViewController.m; sourceTree = "<group>"; };
		1517FB7622744EE40044E878 /* TransHistoryViewController.xib */ = {isa = PBXFileReference; lastKnownFileType = file.xib; path = TransHistoryViewController.xib; sourceTree = "<group>"; };
		1517FB7A227450710044E878 /* AccountViewController.h */ = {isa = PBXFileReference; lastKnownFileType = sourcecode.c.h; path = AccountViewController.h; sourceTree = "<group>"; };
		1517FB7B227450710044E878 /* AccountViewController.m */ = {isa = PBXFileReference; lastKnownFileType = sourcecode.c.objc; path = AccountViewController.m; sourceTree = "<group>"; };
		1517FB7C227450710044E878 /* AccountViewController.xib */ = {isa = PBXFileReference; lastKnownFileType = file.xib; path = AccountViewController.xib; sourceTree = "<group>"; };
		1517FB7F22745D720044E878 /* tabbar_history_act.png */ = {isa = PBXFileReference; lastKnownFileType = image.png; path = tabbar_history_act.png; sourceTree = "<group>"; };
		1517FB8022745D730044E878 /* tabbar_history_def@2x.png */ = {isa = PBXFileReference; lastKnownFileType = image.png; path = "tabbar_history_def@2x.png"; sourceTree = "<group>"; };
		1517FB8122745D730044E878 /* tabbar_home_act@2x.png */ = {isa = PBXFileReference; lastKnownFileType = image.png; path = "tabbar_home_act@2x.png"; sourceTree = "<group>"; };
		1517FB8322745D740044E878 /* tabbar_history_act@2x.png */ = {isa = PBXFileReference; lastKnownFileType = image.png; path = "tabbar_history_act@2x.png"; sourceTree = "<group>"; };
		1517FB8422745D740044E878 /* tabbar_history_def@3x.png */ = {isa = PBXFileReference; lastKnownFileType = image.png; path = "tabbar_history_def@3x.png"; sourceTree = "<group>"; };
		1517FB8522745D750044E878 /* tabbar_home_def.png */ = {isa = PBXFileReference; lastKnownFileType = image.png; path = tabbar_home_def.png; sourceTree = "<group>"; };
		1517FB8622745D750044E878 /* tabbar_BO_def@2x.png */ = {isa = PBXFileReference; lastKnownFileType = image.png; path = "tabbar_BO_def@2x.png"; sourceTree = "<group>"; };
		1517FB8722745D760044E878 /* tababr_acc_act@3x.png */ = {isa = PBXFileReference; lastKnownFileType = image.png; path = "tababr_acc_act@3x.png"; sourceTree = "<group>"; };
		1517FB8822745D760044E878 /* tabbar_BO_act.png */ = {isa = PBXFileReference; lastKnownFileType = image.png; path = tabbar_BO_act.png; sourceTree = "<group>"; };
		1517FB8922745D770044E878 /* tabbar_BO_def.png */ = {isa = PBXFileReference; lastKnownFileType = image.png; path = tabbar_BO_def.png; sourceTree = "<group>"; };
		1517FB8C22745D780044E878 /* tababr_acc_act@2x.png */ = {isa = PBXFileReference; lastKnownFileType = image.png; path = "tababr_acc_act@2x.png"; sourceTree = "<group>"; };
		1517FB8D22745D790044E878 /* tababr_acc_act.png */ = {isa = PBXFileReference; lastKnownFileType = image.png; path = tababr_acc_act.png; sourceTree = "<group>"; };
		1517FB8E22745D790044E878 /* tabbar_BO_def@3x.png */ = {isa = PBXFileReference; lastKnownFileType = image.png; path = "tabbar_BO_def@3x.png"; sourceTree = "<group>"; };
		1517FB8F22745D7A0044E878 /* tabbar_home_act@3x.png */ = {isa = PBXFileReference; lastKnownFileType = image.png; path = "tabbar_home_act@3x.png"; sourceTree = "<group>"; };
		1517FB9022745D7A0044E878 /* tabbar_home_def@2x.png */ = {isa = PBXFileReference; lastKnownFileType = image.png; path = "tabbar_home_def@2x.png"; sourceTree = "<group>"; };
		1517FB9122745D7B0044E878 /* tabbar_history_def.png */ = {isa = PBXFileReference; lastKnownFileType = image.png; path = tabbar_history_def.png; sourceTree = "<group>"; };
		1517FB9222745D7B0044E878 /* tabbar_home_def@3x.png */ = {isa = PBXFileReference; lastKnownFileType = image.png; path = "tabbar_home_def@3x.png"; sourceTree = "<group>"; };
		1517FB9322745D7C0044E878 /* tabbar_BO_act@2x.png */ = {isa = PBXFileReference; lastKnownFileType = image.png; path = "tabbar_BO_act@2x.png"; sourceTree = "<group>"; };
		1517FB9422745D7D0044E878 /* tabbar_BO_act@3x.png */ = {isa = PBXFileReference; lastKnownFileType = image.png; path = "tabbar_BO_act@3x.png"; sourceTree = "<group>"; };
		1517FB9522745D7E0044E878 /* tabbar_history_act@3x.png */ = {isa = PBXFileReference; lastKnownFileType = image.png; path = "tabbar_history_act@3x.png"; sourceTree = "<group>"; };
		1517FB9622745D7F0044E878 /* tabbar_home_act.png */ = {isa = PBXFileReference; lastKnownFileType = image.png; path = tabbar_home_act.png; sourceTree = "<group>"; };
		1517FBAF22745D960044E878 /* notify@2x.png */ = {isa = PBXFileReference; lastKnownFileType = image.png; path = "notify@2x.png"; sourceTree = "<group>"; };
		1517FBB022745D970044E878 /* search.png */ = {isa = PBXFileReference; lastKnownFileType = image.png; path = search.png; sourceTree = "<group>"; };
		1517FBB122745D970044E878 /* search@2x.png */ = {isa = PBXFileReference; lastKnownFileType = image.png; path = "search@2x.png"; sourceTree = "<group>"; };
		1517FBB222745D980044E878 /* wallet.png */ = {isa = PBXFileReference; lastKnownFileType = image.png; path = wallet.png; sourceTree = "<group>"; };
		1517FBB322745D980044E878 /* notify.png */ = {isa = PBXFileReference; lastKnownFileType = image.png; path = notify.png; sourceTree = "<group>"; };
		1517FBB422745D990044E878 /* wallet@2x.png */ = {isa = PBXFileReference; lastKnownFileType = image.png; path = "wallet@2x.png"; sourceTree = "<group>"; };
		1517FBB522745D990044E878 /* caseback.png */ = {isa = PBXFileReference; lastKnownFileType = image.png; path = caseback.png; sourceTree = "<group>"; };
		1517FBB622745D9A0044E878 /* caseback@2x.png */ = {isa = PBXFileReference; lastKnownFileType = image.png; path = "caseback@2x.png"; sourceTree = "<group>"; };
		15224F092272EDDF00A45C3B /* AppUtils.h */ = {isa = PBXFileReference; lastKnownFileType = sourcecode.c.h; path = AppUtils.h; sourceTree = "<group>"; };
		15224F0A2272EDDF00A45C3B /* AppUtils.m */ = {isa = PBXFileReference; lastKnownFileType = sourcecode.c.objc; path = AppUtils.m; sourceTree = "<group>"; };
		156B8C15226ECB060020EDCB /* RegisteredDomainViewController.h */ = {isa = PBXFileReference; lastKnownFileType = sourcecode.c.h; path = RegisteredDomainViewController.h; sourceTree = "<group>"; };
		156B8C16226ECB060020EDCB /* RegisteredDomainViewController.m */ = {isa = PBXFileReference; lastKnownFileType = sourcecode.c.objc; path = RegisteredDomainViewController.m; sourceTree = "<group>"; };
		156B8C17226ECB060020EDCB /* RegisteredDomainViewController.xib */ = {isa = PBXFileReference; lastKnownFileType = file.xib; path = RegisteredDomainViewController.xib; sourceTree = "<group>"; };
		15A613AF22744C56000F6779 /* AppTabbarViewController.h */ = {isa = PBXFileReference; lastKnownFileType = sourcecode.c.h; path = AppTabbarViewController.h; sourceTree = "<group>"; };
		15A613B022744C56000F6779 /* AppTabbarViewController.m */ = {isa = PBXFileReference; lastKnownFileType = sourcecode.c.objc; path = AppTabbarViewController.m; sourceTree = "<group>"; };
		15E084BB227156A40010429B /* NhanHoa_PrefixHeader.pch */ = {isa = PBXFileReference; lastKnownFileType = sourcecode.c.h; path = NhanHoa_PrefixHeader.pch; sourceTree = SOURCE_ROOT; };
		15E084C222715E830010429B /* LaunchViewController.h */ = {isa = PBXFileReference; lastKnownFileType = sourcecode.c.h; path = LaunchViewController.h; sourceTree = "<group>"; };
		15E084C322715E830010429B /* LaunchViewController.m */ = {isa = PBXFileReference; lastKnownFileType = sourcecode.c.objc; path = LaunchViewController.m; sourceTree = "<group>"; };
		15E084C422715E830010429B /* LaunchViewController.xib */ = {isa = PBXFileReference; lastKnownFileType = file.xib; path = LaunchViewController.xib; sourceTree = "<group>"; };
		15E92ACD2272A2F1004AB658 /* app-icon.png */ = {isa = PBXFileReference; lastKnownFileType = image.png; path = "app-icon.png"; sourceTree = "<group>"; };
		15E92ACE2272A2F1004AB658 /* graphic.png */ = {isa = PBXFileReference; lastKnownFileType = image.png; path = graphic.png; sourceTree = "<group>"; };
		15E92ACF2272A2F2004AB658 /* logo.png */ = {isa = PBXFileReference; lastKnownFileType = image.png; path = logo.png; sourceTree = "<group>"; };
		15E92AD02272A2F2004AB658 /* show_pass_act.png */ = {isa = PBXFileReference; lastKnownFileType = image.png; path = show_pass_act.png; sourceTree = "<group>"; };
		15E92AD12272A2F2004AB658 /* show_pass_def.png */ = {isa = PBXFileReference; lastKnownFileType = image.png; path = show_pass_def.png; sourceTree = "<group>"; };
		15E92AF92272BB88004AB658 /* SignInViewController.h */ = {isa = PBXFileReference; lastKnownFileType = sourcecode.c.h; path = SignInViewController.h; sourceTree = "<group>"; };
		15E92AFA2272BB88004AB658 /* SignInViewController.m */ = {isa = PBXFileReference; lastKnownFileType = sourcecode.c.objc; path = SignInViewController.m; sourceTree = "<group>"; };
		15E92AFB2272BB88004AB658 /* SignInViewController.xib */ = {isa = PBXFileReference; lastKnownFileType = file.xib; path = SignInViewController.xib; sourceTree = "<group>"; };
		15E92AFE2272BC31004AB658 /* UIKit.framework */ = {isa = PBXFileReference; lastKnownFileType = wrapper.framework; name = UIKit.framework; path = System/Library/Frameworks/UIKit.framework; sourceTree = SDKROOT; };
		666BB35E5654754FE0011A2D /* libPods-NhanHoa.a */ = {isa = PBXFileReference; explicitFileType = archive.ar; includeInIndex = 0; path = "libPods-NhanHoa.a"; sourceTree = BUILT_PRODUCTS_DIR; };
		841F00842274A97D00F1B314 /* banner.jpg */ = {isa = PBXFileReference; lastKnownFileType = image.jpeg; path = banner.jpg; sourceTree = "<group>"; };
		841F00872274B0A100F1B314 /* HomeMenuCell.h */ = {isa = PBXFileReference; lastKnownFileType = sourcecode.c.h; path = HomeMenuCell.h; sourceTree = "<group>"; };
		841F00882274B0A100F1B314 /* HomeMenuCell.m */ = {isa = PBXFileReference; lastKnownFileType = sourcecode.c.objc; path = HomeMenuCell.m; sourceTree = "<group>"; };
		841F00892274B0A100F1B314 /* HomeMenuCell.xib */ = {isa = PBXFileReference; lastKnownFileType = file.xib; path = HomeMenuCell.xib; sourceTree = "<group>"; };
		841F008D2274B2E000F1B314 /* HomeMenuObject.h */ = {isa = PBXFileReference; lastKnownFileType = sourcecode.c.h; path = HomeMenuObject.h; sourceTree = "<group>"; };
		841F008E2274B2E000F1B314 /* HomeMenuObject.m */ = {isa = PBXFileReference; lastKnownFileType = sourcecode.c.objc; path = HomeMenuObject.m; sourceTree = "<group>"; };
		842F81A2227561EC00D6DE6D /* Roboto-MediumItalic.ttf */ = {isa = PBXFileReference; lastKnownFileType = file; path = "Roboto-MediumItalic.ttf"; sourceTree = "<group>"; };
		842F81A3227561EC00D6DE6D /* Roboto-ThinItalic.ttf */ = {isa = PBXFileReference; lastKnownFileType = file; path = "Roboto-ThinItalic.ttf"; sourceTree = "<group>"; };
		842F81A4227561EC00D6DE6D /* Roboto-Thin.ttf */ = {isa = PBXFileReference; lastKnownFileType = file; path = "Roboto-Thin.ttf"; sourceTree = "<group>"; };
		842F81A5227561EC00D6DE6D /* Roboto-BoldItalic.ttf */ = {isa = PBXFileReference; lastKnownFileType = file; path = "Roboto-BoldItalic.ttf"; sourceTree = "<group>"; };
		842F81A6227561EC00D6DE6D /* Roboto-Light.ttf */ = {isa = PBXFileReference; lastKnownFileType = file; path = "Roboto-Light.ttf"; sourceTree = "<group>"; };
		842F81A7227561EC00D6DE6D /* Roboto-Black.ttf */ = {isa = PBXFileReference; lastKnownFileType = file; path = "Roboto-Black.ttf"; sourceTree = "<group>"; };
		842F81A8227561EC00D6DE6D /* Roboto-BlackItalic.ttf */ = {isa = PBXFileReference; lastKnownFileType = file; path = "Roboto-BlackItalic.ttf"; sourceTree = "<group>"; };
		842F81A9227561EC00D6DE6D /* Roboto-LightItalic.ttf */ = {isa = PBXFileReference; lastKnownFileType = file; path = "Roboto-LightItalic.ttf"; sourceTree = "<group>"; };
		842F81AA227561EC00D6DE6D /* Roboto-Bold.ttf */ = {isa = PBXFileReference; lastKnownFileType = file; path = "Roboto-Bold.ttf"; sourceTree = "<group>"; };
		842F81AB227561EC00D6DE6D /* Roboto-Medium.ttf */ = {isa = PBXFileReference; lastKnownFileType = file; path = "Roboto-Medium.ttf"; sourceTree = "<group>"; };
		842F81AC227561EC00D6DE6D /* Roboto-Italic.ttf */ = {isa = PBXFileReference; lastKnownFileType = file; path = "Roboto-Italic.ttf"; sourceTree = "<group>"; };
		842F81AD227561ED00D6DE6D /* Roboto-Regular.ttf */ = {isa = PBXFileReference; lastKnownFileType = file; path = "Roboto-Regular.ttf"; sourceTree = "<group>"; };
		842F81BC2275794C00D6DE6D /* tabbar_acc_def@2x.png */ = {isa = PBXFileReference; lastKnownFileType = image.png; path = "tabbar_acc_def@2x.png"; sourceTree = "<group>"; };
		842F81BD2275794C00D6DE6D /* tabbar_acc_def@3x.png */ = {isa = PBXFileReference; lastKnownFileType = image.png; path = "tabbar_acc_def@3x.png"; sourceTree = "<group>"; };
		842F81BE2275794C00D6DE6D /* tabbar_acc_def.png */ = {isa = PBXFileReference; lastKnownFileType = image.png; path = tabbar_acc_def.png; sourceTree = "<group>"; };
		842F81C3227581A200D6DE6D /* ic_search_domain.png */ = {isa = PBXFileReference; lastKnownFileType = image.png; path = ic_search_domain.png; sourceTree = "<group>"; };
		842F81C4227581A200D6DE6D /* ic_search_domain@2x.png */ = {isa = PBXFileReference; lastKnownFileType = image.png; path = "ic_search_domain@2x.png"; sourceTree = "<group>"; };
		842F81C82275BD4600D6DE6D /* CustomTextAttachment.h */ = {isa = PBXFileReference; fileEncoding = 4; lastKnownFileType = sourcecode.c.h; path = CustomTextAttachment.h; sourceTree = "<group>"; };
		842F81C92275BD4600D6DE6D /* CustomTextAttachment.m */ = {isa = PBXFileReference; fileEncoding = 4; lastKnownFileType = sourcecode.c.objc; path = CustomTextAttachment.m; sourceTree = "<group>"; };
		842F81CB2275BEF300D6DE6D /* info_red@2x.png */ = {isa = PBXFileReference; lastKnownFileType = image.png; path = "info_red@2x.png"; sourceTree = "<group>"; };
		842F81CC2275BEF300D6DE6D /* info_red.png */ = {isa = PBXFileReference; lastKnownFileType = image.png; path = info_red.png; sourceTree = "<group>"; };
		846A41912275C758003C5D87 /* search_multi_domain.png */ = {isa = PBXFileReference; lastKnownFileType = image.png; path = search_multi_domain.png; sourceTree = "<group>"; };
		846A41922275C759003C5D87 /* search_multi_domain@2x.png */ = {isa = PBXFileReference; lastKnownFileType = image.png; path = "search_multi_domain@2x.png"; sourceTree = "<group>"; };
		84FA12602272783D002E290D /* AppString.h */ = {isa = PBXFileReference; lastKnownFileType = sourcecode.c.h; path = AppString.h; sourceTree = "<group>"; };
		BFB713FC581A7341037EFCDC /* Pods-NhanHoa.debug.xcconfig */ = {isa = PBXFileReference; includeInIndex = 1; lastKnownFileType = text.xcconfig; name = "Pods-NhanHoa.debug.xcconfig"; path = "Pods/Target Support Files/Pods-NhanHoa/Pods-NhanHoa.debug.xcconfig"; sourceTree = "<group>"; };
		E48A0D7532D3BDB2838DF12F /* Pods-NhanHoa.release.xcconfig */ = {isa = PBXFileReference; includeInIndex = 1; lastKnownFileType = text.xcconfig; name = "Pods-NhanHoa.release.xcconfig"; path = "Pods/Target Support Files/Pods-NhanHoa/Pods-NhanHoa.release.xcconfig"; sourceTree = "<group>"; };
/* End PBXFileReference section */

/* Begin PBXFrameworksBuildPhase section */
		150845EC226EBF2400428514 /* Frameworks */ = {
			isa = PBXFrameworksBuildPhase;
			buildActionMask = 2147483647;
			files = (
				15E92AFF2272BC31004AB658 /* UIKit.framework in Frameworks */,
				6840265F8DF1824BB4EADF04 /* libPods-NhanHoa.a in Frameworks */,
			);
			runOnlyForDeploymentPostprocessing = 0;
		};
/* End PBXFrameworksBuildPhase section */

/* Begin PBXGroup section */
		150845E6226EBF2400428514 = {
			isa = PBXGroup;
			children = (
				150845F1226EBF2400428514 /* NhanHoa */,
				150845F0226EBF2400428514 /* Products */,
				FED9660B75C50277F4BE9602 /* Pods */,
				9A0A7850FCA5CEB26AD039E1 /* Frameworks */,
			);
			sourceTree = "<group>";
		};
		150845F0226EBF2400428514 /* Products */ = {
			isa = PBXGroup;
			children = (
				150845EF226EBF2400428514 /* NhanHoa.app */,
			);
			name = Products;
			sourceTree = "<group>";
		};
		150845F1226EBF2400428514 /* NhanHoa */ = {
			isa = PBXGroup;
			children = (
				841F008C2274B2CB00F1B314 /* AppObjects */,
				156B8C20226ECF6D0020EDCB /* Resources */,
				1517FB79227450560044E878 /* Account */,
				1517FB7322744EBC0044E878 /* Transaction history */,
				1517FB6D22744D4B0044E878 /* BO */,
				15224F082272EDCC00A45C3B /* Utils */,
				156B8C14226ECAEB0020EDCB /* Registerd domain */,
				1508460F226EC9A900428514 /* More */,
				15084609226EC98A00428514 /* Register domain */,
				15E084C122715E670010429B /* SignIn */,
				1517FB67227446790044E878 /* Home */,
				150845F2226EBF2400428514 /* AppDelegate.h */,
				150845F3226EBF2400428514 /* AppDelegate.m */,
				150845F5226EBF2400428514 /* ViewController.h */,
				150845F6226EBF2400428514 /* ViewController.m */,
				15A613AF22744C56000F6779 /* AppTabbarViewController.h */,
				15A613B022744C56000F6779 /* AppTabbarViewController.m */,
				150845F8226EBF2400428514 /* Main.storyboard */,
				150845FB226EBF2900428514 /* Assets.xcassets */,
				150845FD226EBF2900428514 /* LaunchScreen.storyboard */,
				15084600226EBF2900428514 /* Info.plist */,
				15084601226EBF2900428514 /* main.m */,
			);
			path = NhanHoa;
			sourceTree = "<group>";
		};
		15084609226EC98A00428514 /* Register domain */ = {
			isa = PBXGroup;
			children = (
				1508460A226EC9A400428514 /* RegisterDomainViewController.h */,
				1508460B226EC9A400428514 /* RegisterDomainViewController.m */,
				1508460C226EC9A400428514 /* RegisterDomainViewController.xib */,
			);
			path = "Register domain";
			sourceTree = "<group>";
		};
		1508460F226EC9A900428514 /* More */ = {
			isa = PBXGroup;
			children = (
				15084610226EC9B800428514 /* MoreViewController.h */,
				15084611226EC9B800428514 /* MoreViewController.m */,
				15084612226EC9B800428514 /* MoreViewController.xib */,
			);
			path = More;
			sourceTree = "<group>";
		};
		1517FB67227446790044E878 /* Home */ = {
			isa = PBXGroup;
			children = (
				841F00862274B07D00F1B314 /* UI */,
				1517FB68227446980044E878 /* HomeViewController.h */,
				1517FB69227446980044E878 /* HomeViewController.m */,
				1517FB6A227446980044E878 /* HomeViewController.xib */,
			);
			path = Home;
			sourceTree = "<group>";
		};
		1517FB6D22744D4B0044E878 /* BO */ = {
			isa = PBXGroup;
			children = (
				1517FB6E22744D8B0044E878 /* BOViewController.h */,
				1517FB6F22744D8B0044E878 /* BOViewController.m */,
				1517FB7022744D8B0044E878 /* BOViewController.xib */,
			);
			path = BO;
			sourceTree = "<group>";
		};
		1517FB7322744EBC0044E878 /* Transaction history */ = {
			isa = PBXGroup;
			children = (
				1517FB7422744EE40044E878 /* TransHistoryViewController.h */,
				1517FB7522744EE40044E878 /* TransHistoryViewController.m */,
				1517FB7622744EE40044E878 /* TransHistoryViewController.xib */,
			);
			path = "Transaction history";
			sourceTree = "<group>";
		};
		1517FB79227450560044E878 /* Account */ = {
			isa = PBXGroup;
			children = (
				1517FB7A227450710044E878 /* AccountViewController.h */,
				1517FB7B227450710044E878 /* AccountViewController.m */,
				1517FB7C227450710044E878 /* AccountViewController.xib */,
			);
			path = Account;
			sourceTree = "<group>";
		};
		15224F082272EDCC00A45C3B /* Utils */ = {
			isa = PBXGroup;
			children = (
				15224F092272EDDF00A45C3B /* AppUtils.h */,
				15224F0A2272EDDF00A45C3B /* AppUtils.m */,
			);
			path = Utils;
			sourceTree = "<group>";
		};
		156B8C14226ECAEB0020EDCB /* Registerd domain */ = {
			isa = PBXGroup;
			children = (
				156B8C15226ECB060020EDCB /* RegisteredDomainViewController.h */,
				156B8C16226ECB060020EDCB /* RegisteredDomainViewController.m */,
				156B8C17226ECB060020EDCB /* RegisteredDomainViewController.xib */,
			);
			path = "Registerd domain";
			sourceTree = "<group>";
		};
		156B8C20226ECF6D0020EDCB /* Resources */ = {
			isa = PBXGroup;
			children = (
				842F81A022755C7200D6DE6D /* fonts */,
				156B8C21226ECF740020EDCB /* images */,
				15E084BB227156A40010429B /* NhanHoa_PrefixHeader.pch */,
				84FA12602272783D002E290D /* AppString.h */,
			);
			path = Resources;
			sourceTree = "<group>";
		};
		156B8C21226ECF740020EDCB /* images */ = {
			isa = PBXGroup;
			children = (
				15E92ACD2272A2F1004AB658 /* app-icon.png */,
				15E92ACE2272A2F1004AB658 /* graphic.png */,
				15E92ACF2272A2F2004AB658 /* logo.png */,
				15E92AD02272A2F2004AB658 /* show_pass_act.png */,
				15E92AD12272A2F2004AB658 /* show_pass_def.png */,
				1517FB44227446490044E878 /* menu_bonus.png */,
				1517FB43227446480044E878 /* menu_bonus@2x.png */,
				1517FB492274464F0044E878 /* menu_domain.png */,
				1517FB462274464B0044E878 /* menu_domain@2x.png */,
				1517FB52227446560044E878 /* menu_list_domain.png */,
				1517FB53227446590044E878 /* menu_list_domain@2x.png */,
				1517FB482274464E0044E878 /* menu_profile.png */,
				1517FB4B227446500044E878 /* menu_profile@2x.png */,
				1517FB4E227446530044E878 /* menu_recharge.png */,
				1517FB452274464A0044E878 /* menu_recharge@2x.png */,
				1517FB472274464B0044E878 /* menu_reorder_domain.png */,
				1517FB542274465A0044E878 /* menu_reorder_domain@2x.png */,
				1517FB4A227446500044E878 /* menu_search_domain.png */,
				1517FB51227446550044E878 /* menu_search_domain@2x.png */,
				1517FB4D227446520044E878 /* menu_support.png */,
				1517FB4C227446510044E878 /* menu_support@2x.png */,
				1517FB50227446540044E878 /* menu_withdrawal.png */,
				1517FB4F227446540044E878 /* menu_withdrawal@2x.png */,
				1517FB8D22745D790044E878 /* tababr_acc_act.png */,
				1517FB8C22745D780044E878 /* tababr_acc_act@2x.png */,
				1517FB8722745D760044E878 /* tababr_acc_act@3x.png */,
				842F81BE2275794C00D6DE6D /* tabbar_acc_def.png */,
				842F81BC2275794C00D6DE6D /* tabbar_acc_def@2x.png */,
				842F81BD2275794C00D6DE6D /* tabbar_acc_def@3x.png */,
				1517FB8822745D760044E878 /* tabbar_BO_act.png */,
				1517FB9322745D7C0044E878 /* tabbar_BO_act@2x.png */,
				1517FB9422745D7D0044E878 /* tabbar_BO_act@3x.png */,
				1517FB8922745D770044E878 /* tabbar_BO_def.png */,
				1517FB8622745D750044E878 /* tabbar_BO_def@2x.png */,
				1517FB8E22745D790044E878 /* tabbar_BO_def@3x.png */,
				1517FB7F22745D720044E878 /* tabbar_history_act.png */,
				1517FB8322745D740044E878 /* tabbar_history_act@2x.png */,
				1517FB9522745D7E0044E878 /* tabbar_history_act@3x.png */,
				1517FB9122745D7B0044E878 /* tabbar_history_def.png */,
				1517FB8022745D730044E878 /* tabbar_history_def@2x.png */,
				1517FB8422745D740044E878 /* tabbar_history_def@3x.png */,
				1517FB9622745D7F0044E878 /* tabbar_home_act.png */,
				1517FB8122745D730044E878 /* tabbar_home_act@2x.png */,
				1517FB8F22745D7A0044E878 /* tabbar_home_act@3x.png */,
				1517FB8522745D750044E878 /* tabbar_home_def.png */,
				1517FB9022745D7A0044E878 /* tabbar_home_def@2x.png */,
				1517FB9222745D7B0044E878 /* tabbar_home_def@3x.png */,
				1517FBB522745D990044E878 /* caseback.png */,
				1517FBB622745D9A0044E878 /* caseback@2x.png */,
				1517FBB322745D980044E878 /* notify.png */,
				1517FBAF22745D960044E878 /* notify@2x.png */,
				1517FBB022745D970044E878 /* search.png */,
				1517FBB122745D970044E878 /* search@2x.png */,
				1517FBB222745D980044E878 /* wallet.png */,
				1517FBB422745D990044E878 /* wallet@2x.png */,
				841F00842274A97D00F1B314 /* banner.jpg */,
				842F81C3227581A200D6DE6D /* ic_search_domain.png */,
				842F81C4227581A200D6DE6D /* ic_search_domain@2x.png */,
				842F81CC2275BEF300D6DE6D /* info_red.png */,
				842F81CB2275BEF300D6DE6D /* info_red@2x.png */,
				846A41912275C758003C5D87 /* search_multi_domain.png */,
				846A41922275C759003C5D87 /* search_multi_domain@2x.png */,
			);
			path = images;
			sourceTree = "<group>";
		};
		15E084C122715E670010429B /* SignIn */ = {
			isa = PBXGroup;
			children = (
				15E084C222715E830010429B /* LaunchViewController.h */,
				15E084C322715E830010429B /* LaunchViewController.m */,
				15E084C422715E830010429B /* LaunchViewController.xib */,
				15E92AF92272BB88004AB658 /* SignInViewController.h */,
				15E92AFA2272BB88004AB658 /* SignInViewController.m */,
				15E92AFB2272BB88004AB658 /* SignInViewController.xib */,
			);
			path = SignIn;
			sourceTree = "<group>";
		};
		841F00862274B07D00F1B314 /* UI */ = {
			isa = PBXGroup;
			children = (
				841F00872274B0A100F1B314 /* HomeMenuCell.h */,
				841F00882274B0A100F1B314 /* HomeMenuCell.m */,
				841F00892274B0A100F1B314 /* HomeMenuCell.xib */,
			);
			path = UI;
			sourceTree = "<group>";
		};
		841F008C2274B2CB00F1B314 /* AppObjects */ = {
			isa = PBXGroup;
			children = (
				841F008D2274B2E000F1B314 /* HomeMenuObject.h */,
				841F008E2274B2E000F1B314 /* HomeMenuObject.m */,
				842F81C82275BD4600D6DE6D /* CustomTextAttachment.h */,
				842F81C92275BD4600D6DE6D /* CustomTextAttachment.m */,
			);
			path = AppObjects;
			sourceTree = "<group>";
		};
		842F81A022755C7200D6DE6D /* fonts */ = {
			isa = PBXGroup;
			children = (
				842F81A122755C7F00D6DE6D /* roboto */,
			);
			path = fonts;
			sourceTree = "<group>";
		};
		842F81A122755C7F00D6DE6D /* roboto */ = {
			isa = PBXGroup;
			children = (
				842F81A7227561EC00D6DE6D /* Roboto-Black.ttf */,
				842F81A8227561EC00D6DE6D /* Roboto-BlackItalic.ttf */,
				842F81AA227561EC00D6DE6D /* Roboto-Bold.ttf */,
				842F81A5227561EC00D6DE6D /* Roboto-BoldItalic.ttf */,
				842F81AC227561EC00D6DE6D /* Roboto-Italic.ttf */,
				842F81A6227561EC00D6DE6D /* Roboto-Light.ttf */,
				842F81A9227561EC00D6DE6D /* Roboto-LightItalic.ttf */,
				842F81AB227561EC00D6DE6D /* Roboto-Medium.ttf */,
				842F81A2227561EC00D6DE6D /* Roboto-MediumItalic.ttf */,
				842F81AD227561ED00D6DE6D /* Roboto-Regular.ttf */,
				842F81A4227561EC00D6DE6D /* Roboto-Thin.ttf */,
				842F81A3227561EC00D6DE6D /* Roboto-ThinItalic.ttf */,
			);
			path = roboto;
			sourceTree = "<group>";
		};
		9A0A7850FCA5CEB26AD039E1 /* Frameworks */ = {
			isa = PBXGroup;
			children = (
				15E92AFE2272BC31004AB658 /* UIKit.framework */,
				666BB35E5654754FE0011A2D /* libPods-NhanHoa.a */,
			);
			name = Frameworks;
			sourceTree = "<group>";
		};
		FED9660B75C50277F4BE9602 /* Pods */ = {
			isa = PBXGroup;
			children = (
				BFB713FC581A7341037EFCDC /* Pods-NhanHoa.debug.xcconfig */,
				E48A0D7532D3BDB2838DF12F /* Pods-NhanHoa.release.xcconfig */,
			);
			name = Pods;
			sourceTree = "<group>";
		};
/* End PBXGroup section */

/* Begin PBXNativeTarget section */
		150845EE226EBF2400428514 /* NhanHoa */ = {
			isa = PBXNativeTarget;
			buildConfigurationList = 15084605226EBF2900428514 /* Build configuration list for PBXNativeTarget "NhanHoa" */;
			buildPhases = (
				44E35C00FDFFD4F756F758FB /* [CP] Check Pods Manifest.lock */,
				150845EB226EBF2400428514 /* Sources */,
				150845EC226EBF2400428514 /* Frameworks */,
				150845ED226EBF2400428514 /* Resources */,
			);
			buildRules = (
			);
			dependencies = (
			);
			name = NhanHoa;
			productName = NhanHoa;
			productReference = 150845EF226EBF2400428514 /* NhanHoa.app */;
			productType = "com.apple.product-type.application";
		};
/* End PBXNativeTarget section */

/* Begin PBXProject section */
		150845E7226EBF2400428514 /* Project object */ = {
			isa = PBXProject;
			attributes = {
				LastUpgradeCheck = 0940;
				ORGANIZATIONNAME = "Nhan Hoa";
				TargetAttributes = {
					150845EE226EBF2400428514 = {
						CreatedOnToolsVersion = 9.4;
					};
				};
			};
			buildConfigurationList = 150845EA226EBF2400428514 /* Build configuration list for PBXProject "NhanHoa" */;
			compatibilityVersion = "Xcode 9.3";
			developmentRegion = en;
			hasScannedForEncodings = 0;
			knownRegions = (
				en,
				Base,
			);
			mainGroup = 150845E6226EBF2400428514;
			productRefGroup = 150845F0226EBF2400428514 /* Products */;
			projectDirPath = "";
			projectRoot = "";
			targets = (
				150845EE226EBF2400428514 /* NhanHoa */,
			);
		};
/* End PBXProject section */

/* Begin PBXResourcesBuildPhase section */
		150845ED226EBF2400428514 /* Resources */ = {
			isa = PBXResourcesBuildPhase;
			buildActionMask = 2147483647;
			files = (
				15E92AFD2272BB88004AB658 /* SignInViewController.xib in Resources */,
				1517FBBA22745D9B0044E878 /* wallet.png in Resources */,
				1517FBBD22745D9B0044E878 /* caseback.png in Resources */,
				15E92AD42272A2F3004AB658 /* logo.png in Resources */,
				1517FBB922745D9B0044E878 /* search@2x.png in Resources */,
				1517FB632274465B0044E878 /* menu_search_domain@2x.png in Resources */,
				842F81B9227561ED00D6DE6D /* Roboto-Regular.ttf in Resources */,
				15084614226EC9B800428514 /* MoreViewController.xib in Resources */,
				842F81B0227561ED00D6DE6D /* Roboto-Thin.ttf in Resources */,
				15E92AD62272A2F3004AB658 /* show_pass_def.png in Resources */,
				150845FF226EBF2900428514 /* LaunchScreen.storyboard in Resources */,
				1517FB602274465B0044E878 /* menu_recharge.png in Resources */,
				1517FBA022745D810044E878 /* tabbar_BO_act.png in Resources */,
				1517FB9D22745D810044E878 /* tabbar_home_def.png in Resources */,
				842F81B6227561ED00D6DE6D /* Roboto-Bold.ttf in Resources */,
				1517FBBE22745D9B0044E878 /* caseback@2x.png in Resources */,
				1517FB5F2274465B0044E878 /* menu_support.png in Resources */,
				1517FB572274465B0044E878 /* menu_recharge@2x.png in Resources */,
				1517FB9822745D810044E878 /* tabbar_history_def@2x.png in Resources */,
				842F81C02275794C00D6DE6D /* tabbar_acc_def@3x.png in Resources */,
				1517FB652274465B0044E878 /* menu_list_domain@2x.png in Resources */,
				1517FB5D2274465B0044E878 /* menu_profile@2x.png in Resources */,
				841F00852274A97D00F1B314 /* banner.jpg in Resources */,
				1517FBA422745D810044E878 /* tababr_acc_act@2x.png in Resources */,
				1517FB7822744EE40044E878 /* TransHistoryViewController.xib in Resources */,
				842F81C12275794C00D6DE6D /* tabbar_acc_def.png in Resources */,
				842F81B5227561ED00D6DE6D /* Roboto-LightItalic.ttf in Resources */,
				1517FB5E2274465B0044E878 /* menu_support@2x.png in Resources */,
				842F81BF2275794C00D6DE6D /* tabbar_acc_def@2x.png in Resources */,
				846A41932275C759003C5D87 /* search_multi_domain.png in Resources */,
				842F81AF227561ED00D6DE6D /* Roboto-ThinItalic.ttf in Resources */,
				1517FB6C227446980044E878 /* HomeViewController.xib in Resources */,
				1517FBAB22745D810044E878 /* tabbar_BO_act@2x.png in Resources */,
				842F81B4227561ED00D6DE6D /* Roboto-BlackItalic.ttf in Resources */,
				1517FBBB22745D9B0044E878 /* notify.png in Resources */,
				1517FB9F22745D810044E878 /* tababr_acc_act@3x.png in Resources */,
				1517FBA622745D810044E878 /* tabbar_BO_def@3x.png in Resources */,
				1517FB7222744D8B0044E878 /* BOViewController.xib in Resources */,
				1517FBBC22745D9B0044E878 /* wallet@2x.png in Resources */,
				1517FB612274465B0044E878 /* menu_withdrawal@2x.png in Resources */,
				842F81B1227561ED00D6DE6D /* Roboto-BoldItalic.ttf in Resources */,
				842F81B8227561ED00D6DE6D /* Roboto-Italic.ttf in Resources */,
				1517FB7E227450710044E878 /* AccountViewController.xib in Resources */,
				1517FBAE22745D810044E878 /* tabbar_home_act.png in Resources */,
				1517FB562274465B0044E878 /* menu_bonus.png in Resources */,
				1517FB642274465B0044E878 /* menu_list_domain.png in Resources */,
				1517FB9722745D810044E878 /* tabbar_history_act.png in Resources */,
				156B8C19226ECB060020EDCB /* RegisteredDomainViewController.xib in Resources */,
				1517FBA822745D810044E878 /* tabbar_home_def@2x.png in Resources */,
				1517FBB722745D9B0044E878 /* notify@2x.png in Resources */,
				1517FB5B2274465B0044E878 /* menu_domain.png in Resources */,
				1517FBAD22745D810044E878 /* tabbar_history_act@3x.png in Resources */,
				1517FB5C2274465B0044E878 /* menu_search_domain.png in Resources */,
				15E92AD32272A2F3004AB658 /* graphic.png in Resources */,
				842F81B3227561ED00D6DE6D /* Roboto-Black.ttf in Resources */,
				1517FBAA22745D810044E878 /* tabbar_home_def@3x.png in Resources */,
				842F81C6227581A300D6DE6D /* ic_search_domain@2x.png in Resources */,
				842F81B7227561ED00D6DE6D /* Roboto-Medium.ttf in Resources */,
				1517FB9C22745D810044E878 /* tabbar_history_def@3x.png in Resources */,
				842F81AE227561ED00D6DE6D /* Roboto-MediumItalic.ttf in Resources */,
				150845FC226EBF2900428514 /* Assets.xcassets in Resources */,
				842F81C5227581A300D6DE6D /* ic_search_domain.png in Resources */,
				1517FB9E22745D810044E878 /* tabbar_BO_def@2x.png in Resources */,
				1517FBA122745D810044E878 /* tabbar_BO_def.png in Resources */,
				1517FB9922745D810044E878 /* tabbar_home_act@2x.png in Resources */,
				1517FB582274465B0044E878 /* menu_domain@2x.png in Resources */,
				15E92AD22272A2F3004AB658 /* app-icon.png in Resources */,
				1517FB9B22745D810044E878 /* tabbar_history_act@2x.png in Resources */,
				841F008B2274B0A100F1B314 /* HomeMenuCell.xib in Resources */,
				1508460E226EC9A400428514 /* RegisterDomainViewController.xib in Resources */,
				1517FBAC22745D810044E878 /* tabbar_BO_act@3x.png in Resources */,
				1517FB622274465B0044E878 /* menu_withdrawal.png in Resources */,
				842F81CE2275BEF300D6DE6D /* info_red.png in Resources */,
				1517FB592274465B0044E878 /* menu_reorder_domain.png in Resources */,
				842F81B2227561ED00D6DE6D /* Roboto-Light.ttf in Resources */,
				1517FBA722745D810044E878 /* tabbar_home_act@3x.png in Resources */,
				15E084C622715E830010429B /* LaunchViewController.xib in Resources */,
				1517FBA922745D810044E878 /* tabbar_history_def.png in Resources */,
				1517FB552274465B0044E878 /* menu_bonus@2x.png in Resources */,
				1517FB662274465B0044E878 /* menu_reorder_domain@2x.png in Resources */,
				842F81CD2275BEF300D6DE6D /* info_red@2x.png in Resources */,
				1517FB5A2274465B0044E878 /* menu_profile.png in Resources */,
				1517FBA522745D810044E878 /* tababr_acc_act.png in Resources */,
				1517FBB822745D9B0044E878 /* search.png in Resources */,
				15E92AD52272A2F3004AB658 /* show_pass_act.png in Resources */,
				846A41942275C759003C5D87 /* search_multi_domain@2x.png in Resources */,
				150845FA226EBF2400428514 /* Main.storyboard in Resources */,
			);
			runOnlyForDeploymentPostprocessing = 0;
		};
/* End PBXResourcesBuildPhase section */

/* Begin PBXShellScriptBuildPhase section */
		44E35C00FDFFD4F756F758FB /* [CP] Check Pods Manifest.lock */ = {
			isa = PBXShellScriptBuildPhase;
			buildActionMask = 2147483647;
			files = (
			);
			inputPaths = (
				"${PODS_PODFILE_DIR_PATH}/Podfile.lock",
				"${PODS_ROOT}/Manifest.lock",
			);
			name = "[CP] Check Pods Manifest.lock";
			outputPaths = (
				"$(DERIVED_FILE_DIR)/Pods-NhanHoa-checkManifestLockResult.txt",
			);
			runOnlyForDeploymentPostprocessing = 0;
			shellPath = /bin/sh;
			shellScript = "diff \"${PODS_PODFILE_DIR_PATH}/Podfile.lock\" \"${PODS_ROOT}/Manifest.lock\" > /dev/null\nif [ $? != 0 ] ; then\n    # print error to STDERR\n    echo \"error: The sandbox is not in sync with the Podfile.lock. Run 'pod install' or update your CocoaPods installation.\" >&2\n    exit 1\nfi\n# This output is used by Xcode 'outputs' to avoid re-running this script phase.\necho \"SUCCESS\" > \"${SCRIPT_OUTPUT_FILE_0}\"\n";
			showEnvVarsInLog = 0;
		};
/* End PBXShellScriptBuildPhase section */

/* Begin PBXSourcesBuildPhase section */
		150845EB226EBF2400428514 /* Sources */ = {
			isa = PBXSourcesBuildPhase;
			buildActionMask = 2147483647;
			files = (
				842F81CA2275BD4600D6DE6D /* CustomTextAttachment.m in Sources */,
				841F008F2274B2E000F1B314 /* HomeMenuObject.m in Sources */,
				15E92AFC2272BB88004AB658 /* SignInViewController.m in Sources */,
				1517FB7722744EE40044E878 /* TransHistoryViewController.m in Sources */,
				1517FB7D227450710044E878 /* AccountViewController.m in Sources */,
				150845F7226EBF2400428514 /* ViewController.m in Sources */,
				841F008A2274B0A100F1B314 /* HomeMenuCell.m in Sources */,
				1508460D226EC9A400428514 /* RegisterDomainViewController.m in Sources */,
				1517FB6B227446980044E878 /* HomeViewController.m in Sources */,
				15084602226EBF2900428514 /* main.m in Sources */,
				15224F0B2272EDDF00A45C3B /* AppUtils.m in Sources */,
				15E084C522715E830010429B /* LaunchViewController.m in Sources */,
				15A613B122744C56000F6779 /* AppTabbarViewController.m in Sources */,
				150845F4226EBF2400428514 /* AppDelegate.m in Sources */,
				1517FB7122744D8B0044E878 /* BOViewController.m in Sources */,
				156B8C18226ECB060020EDCB /* RegisteredDomainViewController.m in Sources */,
				15084613226EC9B800428514 /* MoreViewController.m in Sources */,
			);
			runOnlyForDeploymentPostprocessing = 0;
		};
/* End PBXSourcesBuildPhase section */

/* Begin PBXVariantGroup section */
		150845F8226EBF2400428514 /* Main.storyboard */ = {
			isa = PBXVariantGroup;
			children = (
				150845F9226EBF2400428514 /* Base */,
			);
			name = Main.storyboard;
			sourceTree = "<group>";
		};
		150845FD226EBF2900428514 /* LaunchScreen.storyboard */ = {
			isa = PBXVariantGroup;
			children = (
				150845FE226EBF2900428514 /* Base */,
			);
			name = LaunchScreen.storyboard;
			sourceTree = "<group>";
		};
/* End PBXVariantGroup section */

/* Begin XCBuildConfiguration section */
		15084603226EBF2900428514 /* Debug */ = {
			isa = XCBuildConfiguration;
			buildSettings = {
				ALWAYS_SEARCH_USER_PATHS = NO;
				CLANG_ANALYZER_NONNULL = YES;
				CLANG_ANALYZER_NUMBER_OBJECT_CONVERSION = YES_AGGRESSIVE;
				CLANG_CXX_LANGUAGE_STANDARD = "gnu++14";
				CLANG_CXX_LIBRARY = "libc++";
				CLANG_ENABLE_MODULES = YES;
				CLANG_ENABLE_OBJC_ARC = YES;
				CLANG_ENABLE_OBJC_WEAK = YES;
				CLANG_WARN_BLOCK_CAPTURE_AUTORELEASING = YES;
				CLANG_WARN_BOOL_CONVERSION = YES;
				CLANG_WARN_COMMA = YES;
				CLANG_WARN_CONSTANT_CONVERSION = YES;
				CLANG_WARN_DEPRECATED_OBJC_IMPLEMENTATIONS = YES;
				CLANG_WARN_DIRECT_OBJC_ISA_USAGE = YES_ERROR;
				CLANG_WARN_DOCUMENTATION_COMMENTS = YES;
				CLANG_WARN_EMPTY_BODY = YES;
				CLANG_WARN_ENUM_CONVERSION = YES;
				CLANG_WARN_INFINITE_RECURSION = YES;
				CLANG_WARN_INT_CONVERSION = YES;
				CLANG_WARN_NON_LITERAL_NULL_CONVERSION = YES;
				CLANG_WARN_OBJC_IMPLICIT_RETAIN_SELF = YES;
				CLANG_WARN_OBJC_LITERAL_CONVERSION = YES;
				CLANG_WARN_OBJC_ROOT_CLASS = YES_ERROR;
				CLANG_WARN_RANGE_LOOP_ANALYSIS = YES;
				CLANG_WARN_STRICT_PROTOTYPES = YES;
				CLANG_WARN_SUSPICIOUS_MOVE = YES;
				CLANG_WARN_UNGUARDED_AVAILABILITY = YES_AGGRESSIVE;
				CLANG_WARN_UNREACHABLE_CODE = YES;
				CLANG_WARN__DUPLICATE_METHOD_MATCH = YES;
				CODE_SIGN_IDENTITY = "iPhone Developer";
				COPY_PHASE_STRIP = NO;
				DEBUG_INFORMATION_FORMAT = dwarf;
				ENABLE_STRICT_OBJC_MSGSEND = YES;
				ENABLE_TESTABILITY = YES;
				GCC_C_LANGUAGE_STANDARD = gnu11;
				GCC_DYNAMIC_NO_PIC = NO;
				GCC_NO_COMMON_BLOCKS = YES;
				GCC_OPTIMIZATION_LEVEL = 0;
				GCC_PREPROCESSOR_DEFINITIONS = (
					"DEBUG=1",
					"$(inherited)",
				);
				GCC_WARN_64_TO_32_BIT_CONVERSION = YES;
				GCC_WARN_ABOUT_RETURN_TYPE = YES_ERROR;
				GCC_WARN_UNDECLARED_SELECTOR = YES;
				GCC_WARN_UNINITIALIZED_AUTOS = YES_AGGRESSIVE;
				GCC_WARN_UNUSED_FUNCTION = YES;
				GCC_WARN_UNUSED_VARIABLE = YES;
				IPHONEOS_DEPLOYMENT_TARGET = 11.4;
				MTL_ENABLE_DEBUG_INFO = YES;
				ONLY_ACTIVE_ARCH = YES;
				SDKROOT = iphoneos;
			};
			name = Debug;
		};
		15084604226EBF2900428514 /* Release */ = {
			isa = XCBuildConfiguration;
			buildSettings = {
				ALWAYS_SEARCH_USER_PATHS = NO;
				CLANG_ANALYZER_NONNULL = YES;
				CLANG_ANALYZER_NUMBER_OBJECT_CONVERSION = YES_AGGRESSIVE;
				CLANG_CXX_LANGUAGE_STANDARD = "gnu++14";
				CLANG_CXX_LIBRARY = "libc++";
				CLANG_ENABLE_MODULES = YES;
				CLANG_ENABLE_OBJC_ARC = YES;
				CLANG_ENABLE_OBJC_WEAK = YES;
				CLANG_WARN_BLOCK_CAPTURE_AUTORELEASING = YES;
				CLANG_WARN_BOOL_CONVERSION = YES;
				CLANG_WARN_COMMA = YES;
				CLANG_WARN_CONSTANT_CONVERSION = YES;
				CLANG_WARN_DEPRECATED_OBJC_IMPLEMENTATIONS = YES;
				CLANG_WARN_DIRECT_OBJC_ISA_USAGE = YES_ERROR;
				CLANG_WARN_DOCUMENTATION_COMMENTS = YES;
				CLANG_WARN_EMPTY_BODY = YES;
				CLANG_WARN_ENUM_CONVERSION = YES;
				CLANG_WARN_INFINITE_RECURSION = YES;
				CLANG_WARN_INT_CONVERSION = YES;
				CLANG_WARN_NON_LITERAL_NULL_CONVERSION = YES;
				CLANG_WARN_OBJC_IMPLICIT_RETAIN_SELF = YES;
				CLANG_WARN_OBJC_LITERAL_CONVERSION = YES;
				CLANG_WARN_OBJC_ROOT_CLASS = YES_ERROR;
				CLANG_WARN_RANGE_LOOP_ANALYSIS = YES;
				CLANG_WARN_STRICT_PROTOTYPES = YES;
				CLANG_WARN_SUSPICIOUS_MOVE = YES;
				CLANG_WARN_UNGUARDED_AVAILABILITY = YES_AGGRESSIVE;
				CLANG_WARN_UNREACHABLE_CODE = YES;
				CLANG_WARN__DUPLICATE_METHOD_MATCH = YES;
				CODE_SIGN_IDENTITY = "iPhone Developer";
				COPY_PHASE_STRIP = NO;
				DEBUG_INFORMATION_FORMAT = "dwarf-with-dsym";
				ENABLE_NS_ASSERTIONS = NO;
				ENABLE_STRICT_OBJC_MSGSEND = YES;
				GCC_C_LANGUAGE_STANDARD = gnu11;
				GCC_NO_COMMON_BLOCKS = YES;
				GCC_WARN_64_TO_32_BIT_CONVERSION = YES;
				GCC_WARN_ABOUT_RETURN_TYPE = YES_ERROR;
				GCC_WARN_UNDECLARED_SELECTOR = YES;
				GCC_WARN_UNINITIALIZED_AUTOS = YES_AGGRESSIVE;
				GCC_WARN_UNUSED_FUNCTION = YES;
				GCC_WARN_UNUSED_VARIABLE = YES;
				IPHONEOS_DEPLOYMENT_TARGET = 11.4;
				MTL_ENABLE_DEBUG_INFO = NO;
				SDKROOT = iphoneos;
				VALIDATE_PRODUCT = YES;
			};
			name = Release;
		};
		15084606226EBF2900428514 /* Debug */ = {
			isa = XCBuildConfiguration;
			baseConfigurationReference = BFB713FC581A7341037EFCDC /* Pods-NhanHoa.debug.xcconfig */;
			buildSettings = {
				ASSETCATALOG_COMPILER_APPICON_NAME = AppIcon;
				ASSETCATALOG_COMPILER_LAUNCHIMAGE_NAME = LaunchImage;
				CODE_SIGN_STYLE = Manual;
				DEVELOPMENT_TEAM = 4LY8SQLV6P;
				GCC_PREFIX_HEADER = NhanHoa_PrefixHeader.pch;
				INFOPLIST_FILE = NhanHoa/Info.plist;
				IPHONEOS_DEPLOYMENT_TARGET = 8.2;
				LD_RUNPATH_SEARCH_PATHS = (
					"$(inherited)",
					"@executable_path/Frameworks",
				);
				PRODUCT_BUNDLE_IDENTIFIER = com.nhanhoa.nhanhoa;
				PRODUCT_NAME = "$(TARGET_NAME)";
				PROVISIONING_PROFILE = "90e49281-7d3c-4017-b2f5-dd2508962544";
				PROVISIONING_PROFILE_SPECIFIER = "NhanHoaApp Development";
				TARGETED_DEVICE_FAMILY = 1;
			};
			name = Debug;
		};
		15084607226EBF2900428514 /* Release */ = {
			isa = XCBuildConfiguration;
			baseConfigurationReference = E48A0D7532D3BDB2838DF12F /* Pods-NhanHoa.release.xcconfig */;
			buildSettings = {
				ASSETCATALOG_COMPILER_APPICON_NAME = AppIcon;
				ASSETCATALOG_COMPILER_LAUNCHIMAGE_NAME = LaunchImage;
				CODE_SIGN_STYLE = Manual;
				DEVELOPMENT_TEAM = "";
				GCC_PREFIX_HEADER = NhanHoa_PrefixHeader.pch;
				INFOPLIST_FILE = NhanHoa/Info.plist;
				IPHONEOS_DEPLOYMENT_TARGET = 8.2;
				LD_RUNPATH_SEARCH_PATHS = (
					"$(inherited)",
					"@executable_path/Frameworks",
				);
				PRODUCT_BUNDLE_IDENTIFIER = com.nhanhoa.nhanhoa;
				PRODUCT_NAME = "$(TARGET_NAME)";
				PROVISIONING_PROFILE_SPECIFIER = "";
				TARGETED_DEVICE_FAMILY = 1;
			};
			name = Release;
		};
/* End XCBuildConfiguration section */

/* Begin XCConfigurationList section */
		150845EA226EBF2400428514 /* Build configuration list for PBXProject "NhanHoa" */ = {
			isa = XCConfigurationList;
			buildConfigurations = (
				15084603226EBF2900428514 /* Debug */,
				15084604226EBF2900428514 /* Release */,
			);
			defaultConfigurationIsVisible = 0;
			defaultConfigurationName = Release;
		};
		15084605226EBF2900428514 /* Build configuration list for PBXNativeTarget "NhanHoa" */ = {
			isa = XCConfigurationList;
			buildConfigurations = (
				15084606226EBF2900428514 /* Debug */,
				15084607226EBF2900428514 /* Release */,
			);
			defaultConfigurationIsVisible = 0;
			defaultConfigurationName = Release;
		};
/* End XCConfigurationList section */
	};
	rootObject = 150845E7226EBF2400428514 /* Project object */;
}
