PODS:
  - CocoaLumberjack (3.5.3):
    - CocoaLumberjack/Core (= 3.5.3)
  - CocoaLumberjack/Core (3.5.3)
  - Masonry (1.1.0)
  - ProgressHUD (2.51)
  - SDWebImage (5.0.3):
    - SDWebImage/Core (= 5.0.3)
  - SDWebImage/Core (5.0.3)
  - Toast (4.0.0)

DEPENDENCIES:
  - CocoaLumberjack
  - Masonry
  - ProgressHUD
  - SDWebImage
  - Toast

SPEC REPOS:
  https://github.com/cocoapods/specs.git:
    - CocoaLumberjack
    - Masonry
    - ProgressHUD
    - SDWebImage
    - Toast

SPEC CHECKSUMS:
  CocoaLumberjack: 2f44e60eb91c176d471fdba43b9e3eae6a721947
  Masonry: 678fab65091a9290e40e2832a55e7ab731aad201
  ProgressHUD: 54b4c2fa202bf3da7dddc1c698ae4e6376333bd9
  SDWebImage: d4f87d7d36c8a4d9f9459dc282e0caa057fdf935
  Toast: 91b396c56ee72a5790816f40d3a94dd357abc196

PODFILE CHECKSUM: 361f766c9ea63b1dc7f739b600c52b4ffab2cc6d

COCOAPODS: 1.7.0
